
Microsoft Visual Studio Solution File, Format Version 12.00
# Visual Studio 14
VisualStudioVersion = 14.0.22823.1
MinimumVisualStudioVersion = 10.0.40219.1
Project("{FAE04EC0-301F-11D3-BF4B-00C04F79EFBC}") = "pavlikeMVC", "pavlikeMVC\pavlikeMVC.csproj", "{F84D3CE5-E924-4C2E-AE8E-6F79ABBC6B2F}"
EndProject
Project("{FAE04EC0-301F-11D3-BF4B-00C04F79EFBC}") = "PavlikeDATA", "PavlikeDATA\PavlikeDATA.csproj", "{41BBC6D9-51FA-49E6-850F-78E56722AD8F}"
EndProject
Project("{FAE04EC0-301F-11D3-BF4B-00C04F79EFBC}") = "AdminTheme", "AdminTheme\AdminTheme.csproj", "{64E0588F-C9C7-4238-92A9-D883A984D889}"
EndProject
Project("{FAE04EC0-301F-11D3-BF4B-00C04F79EFBC}") = "pavlikeLibrary", "pavlikeLibrary\pavlikeLibrary.csproj", "{C6EA8853-F835-4EF5-907B-C40ABB5C3960}"
EndProject
Global
	GlobalSection(SolutionConfigurationPlatforms) = preSolution
		Debug|Any CPU = Debug|Any CPU
		Release|Any CPU = Release|Any CPU
	EndGlobalSection
	GlobalSection(ProjectConfigurationPlatforms) = postSolution
		{F84D3CE5-E924-4C2E-AE8E-6F79ABBC6B2F}.Debug|Any CPU.ActiveCfg = Debug|Any CPU
		{F84D3CE5-E924-4C2E-AE8E-6F79ABBC6B2F}.Debug|Any CPU.Build.0 = Debug|Any CPU
		{F84D3CE5-E924-4C2E-AE8E-6F79ABBC6B2F}.Release|Any CPU.ActiveCfg = Release|Any CPU
		{F84D3CE5-E924-4C2E-AE8E-6F79ABBC6B2F}.Release|Any CPU.Build.0 = Release|Any CPU
		{41BBC6D9-51FA-49E6-850F-78E56722AD8F}.Debug|Any CPU.ActiveCfg = Debug|Any CPU
		{41BBC6D9-51FA-49E6-850F-78E56722AD8F}.Debug|Any CPU.Build.0 = Debug|Any CPU
		{41BBC6D9-51FA-49E6-850F-78E56722AD8F}.Release|Any CPU.ActiveCfg = Release|Any CPU
		{41BBC6D9-51FA-49E6-850F-78E56722AD8F}.Release|Any CPU.Build.0 = Release|Any CPU
		{64E0588F-C9C7-4238-92A9-D883A984D889}.Debug|Any CPU.ActiveCfg = Debug|Any CPU
		{64E0588F-C9C7-4238-92A9-D883A984D889}.Debug|Any CPU.Build.0 = Debug|Any CPU
		{64E0588F-C9C7-4238-92A9-D883A984D889}.Release|Any CPU.ActiveCfg = Release|Any CPU
		{64E0588F-C9C7-4238-92A9-D883A984D889}.Release|Any CPU.Build.0 = Release|Any CPU
		{C6EA8853-F835-4EF5-907B-C40ABB5C3960}.Debug|Any CPU.ActiveCfg = Debug|Any CPU
		{C6EA8853-F835-4EF5-907B-C40ABB5C3960}.Debug|Any CPU.Build.0 = Debug|Any CPU
		{C6EA8853-F835-4EF5-907B-C40ABB5C3960}.Release|Any CPU.ActiveCfg = Release|Any CPU
		{C6EA8853-F835-4EF5-907B-C40ABB5C3960}.Release|Any CPU.Build.0 = Release|Any CPU
	EndGlobalSection
	GlobalSection(SolutionProperties) = preSolution
		HideSolutionNode = FALSE
	EndGlobalSection
	GlobalSection(CodealikeProperties) = postSolution
		SolutionGuid = 8386fbe8-959e-4505-b13e-9ab4ae870743
	EndGlobalSection
EndGlobal
